{
  "name": "t_1",
  "lockfileVersion": 2,
  "requires": true,
  "packages": {
    "": {
      "dependencies": {
        "postprocessing": "^6.28.1",
        "three": "^0.141.0"
      }
    },
    "node_modules/postprocessing": {
      "version": "6.28.1",
      "resolved": "https://registry.npmjs.org/postprocessing/-/postprocessing-6.28.1.tgz",
      "integrity": "sha512-3KwA5k9IwdB0bpyJ/jK1KnXAk1BJYV1jnywGXJnQXg5trSNVRUq0Gkas2GDIpo+6ThCbwb20NmF6WQOaeyk1Og==",
      "engines": {
        "node": ">= 0.13.2"
      },
      "peerDependencies": {
        "three": ">= 0.107.0 < 0.142.0"
      }
    },
    "node_modules/three": {
      "version": "0.141.0",
      "resolved": "https://registry.npmjs.org/three/-/three-0.141.0.tgz",
      "integrity": "sha512-JaSDAPWuk4RTzG5BYRQm8YZbERUxTfTDVouWgHMisS2to4E5fotMS9F2zPFNOIJyEFTTQDDKPpsgZVThKU3pXA=="
    }
  },
  "dependencies": {
    "postprocessing": {
      "version": "6.28.1",
      "resolved": "https://registry.npmjs.org/postprocessing/-/postprocessing-6.28.1.tgz",
      "integrity": "sha512-3KwA5k9IwdB0bpyJ/jK1KnXAk1BJYV1jnywGXJnQXg5trSNVRUq0Gkas2GDIpo+6ThCbwb20NmF6WQOaeyk1Og==",
      "requires": {}
    },
    "three": {
      "version": "0.141.0",
      "resolved": "https://registry.npmjs.org/three/-/three-0.141.0.tgz",
      "integrity": "sha512-JaSDAPWuk4RTzG5BYRQm8YZbERUxTfTDVouWgHMisS2to4E5fotMS9F2zPFNOIJyEFTTQDDKPpsgZVThKU3pXA=="
    }
  }
}
